// !$*UTF8*$!
{
	archiveVersion = 1;
	classes = {
	};
	objectVersion = 50;
	objects = {

/* Begin PBXBuildFile section */
		11137C6F25F4380900BCE031 /* PhotoHeaderCollectionReusableView.swift in Sources */ = {isa = PBXBuildFile; fileRef = 11137C6D25F4380900BCE031 /* PhotoHeaderCollectionReusableView.swift */; };
		11137C7025F4380900BCE031 /* PhotoHeaderCollectionReusableView.xib in Resources */ = {isa = PBXBuildFile; fileRef = 11137C6E25F4380900BCE031 /* PhotoHeaderCollectionReusableView.xib */; };
		11137C7425F442C900BCE031 /* AllGroups.swift in Sources */ = {isa = PBXBuildFile; fileRef = 11137C7325F442C900BCE031 /* AllGroups.swift */; };
		11137C7E25FC37BE00BCE031 /* Users.swift in Sources */ = {isa = PBXBuildFile; fileRef = 11137C7D25FC37BE00BCE031 /* Users.swift */; };
		114CAFE826C073CD003720B8 /* IconView.swift in Sources */ = {isa = PBXBuildFile; fileRef = 114CAFE726C073CD003720B8 /* IconView.swift */; };
		115A308825811EAC00DDBAC5 /* AppDelegate.swift in Sources */ = {isa = PBXBuildFile; fileRef = 115A308725811EAC00DDBAC5 /* AppDelegate.swift */; };
		115A308F25811EAC00DDBAC5 /* Main.storyboard in Resources */ = {isa = PBXBuildFile; fileRef = 115A308D25811EAC00DDBAC5 /* Main.storyboard */; };
		115A309125811EAE00DDBAC5 /* Assets.xcassets in Resources */ = {isa = PBXBuildFile; fileRef = 115A309025811EAE00DDBAC5 /* Assets.xcassets */; };
		115A309425811EAE00DDBAC5 /* LaunchScreen.storyboard in Resources */ = {isa = PBXBuildFile; fileRef = 115A309225811EAE00DDBAC5 /* LaunchScreen.storyboard */; };
		11D500F5258826AC004D9471 /* LoginFormController.swift in Sources */ = {isa = PBXBuildFile; fileRef = 11D500F4258826AC004D9471 /* LoginFormController.swift */; };
		11DC14D62651837900F25DB6 /* GradientView.swift in Sources */ = {isa = PBXBuildFile; fileRef = 11DC14D52651837900F25DB6 /* GradientView.swift */; };
		11DF79E4268D2C8C004202F6 /* MyCollectionView.swift in Sources */ = {isa = PBXBuildFile; fileRef = 11DF79E3268D2C8C004202F6 /* MyCollectionView.swift */; };
		11EA1D0F265573880085F431 /* LikeControl.swift in Sources */ = {isa = PBXBuildFile; fileRef = 11EA1D0E265573880085F431 /* LikeControl.swift */; };
		11FA943825D6C74700EBD634 /* MainContentView.swift in Sources */ = {isa = PBXBuildFile; fileRef = 11FA943725D6C74700EBD634 /* MainContentView.swift */; };
		11FA944325D8349100EBD634 /* FriendsTableViewController.swift in Sources */ = {isa = PBXBuildFile; fileRef = 11FA944225D8349100EBD634 /* FriendsTableViewController.swift */; };
		11FA944925E5424D00EBD634 /* GroupsTableViewController.swift in Sources */ = {isa = PBXBuildFile; fileRef = 11FA944825E5424D00EBD634 /* GroupsTableViewController.swift */; };
		11FA944C25E549DD00EBD634 /* GlobalGroupsTableViewController.swift in Sources */ = {isa = PBXBuildFile; fileRef = 11FA944B25E549DD00EBD634 /* GlobalGroupsTableViewController.swift */; };
		11FA945D25E9BEF300EBD634 /* FriendsTableViewCell.swift in Sources */ = {isa = PBXBuildFile; fileRef = 11FA945B25E9BEF200EBD634 /* FriendsTableViewCell.swift */; };
		11FA945E25E9BEF300EBD634 /* FriendsTableViewCell.xib in Resources */ = {isa = PBXBuildFile; fileRef = 11FA945C25E9BEF200EBD634 /* FriendsTableViewCell.xib */; };
		11FA946325E9D49100EBD634 /* GroupsTableViewCell.swift in Sources */ = {isa = PBXBuildFile; fileRef = 11FA946125E9D49100EBD634 /* GroupsTableViewCell.swift */; };
		11FA946425E9D49100EBD634 /* GroupsTableViewCell.xib in Resources */ = {isa = PBXBuildFile; fileRef = 11FA946225E9D49100EBD634 /* GroupsTableViewCell.xib */; };
		11FA946A25EA535200EBD634 /* PhotoFriendsCollectionViewCell.swift in Sources */ = {isa = PBXBuildFile; fileRef = 11FA946825EA535200EBD634 /* PhotoFriendsCollectionViewCell.swift */; };
		11FA946B25EA535200EBD634 /* PhotoFriendsCollectionViewCell.xib in Resources */ = {isa = PBXBuildFile; fileRef = 11FA946925EA535200EBD634 /* PhotoFriendsCollectionViewCell.xib */; };
		11FA946E25EA555900EBD634 /* PhotoFriendsCollectionViewController.swift in Sources */ = {isa = PBXBuildFile; fileRef = 11FA946D25EA555900EBD634 /* PhotoFriendsCollectionViewController.swift */; };
/* End PBXBuildFile section */

/* Begin PBXFileReference section */
		11137C6D25F4380900BCE031 /* PhotoHeaderCollectionReusableView.swift */ = {isa = PBXFileReference; lastKnownFileType = sourcecode.swift; path = PhotoHeaderCollectionReusableView.swift; sourceTree = "<group>"; };
		11137C6E25F4380900BCE031 /* PhotoHeaderCollectionReusableView.xib */ = {isa = PBXFileReference; lastKnownFileType = file.xib; path = PhotoHeaderCollectionReusableView.xib; sourceTree = "<group>"; };
		11137C7325F442C900BCE031 /* AllGroups.swift */ = {isa = PBXFileReference; lastKnownFileType = sourcecode.swift; path = AllGroups.swift; sourceTree = "<group>"; };
		11137C7D25FC37BE00BCE031 /* Users.swift */ = {isa = PBXFileReference; lastKnownFileType = sourcecode.swift; path = Users.swift; sourceTree = "<group>"; };
		114CAFE726C073CD003720B8 /* IconView.swift */ = {isa = PBXFileReference; lastKnownFileType = sourcecode.swift; path = IconView.swift; sourceTree = "<group>"; };
		115A308425811EAC00DDBAC5 /* VKClient.app */ = {isa = PBXFileReference; explicitFileType = wrapper.application; includeInIndex = 0; path = VKClient.app; sourceTree = BUILT_PRODUCTS_DIR; };
		115A308725811EAC00DDBAC5 /* AppDelegate.swift */ = {isa = PBXFileReference; lastKnownFileType = sourcecode.swift; path = AppDelegate.swift; sourceTree = "<group>"; };
		115A308E25811EAC00DDBAC5 /* Base */ = {isa = PBXFileReference; lastKnownFileType = file.storyboard; name = Base; path = Base.lproj/Main.storyboard; sourceTree = "<group>"; };
		115A309025811EAE00DDBAC5 /* Assets.xcassets */ = {isa = PBXFileReference; lastKnownFileType = folder.assetcatalog; path = Assets.xcassets; sourceTree = "<group>"; };
		115A309325811EAE00DDBAC5 /* Base */ = {isa = PBXFileReference; lastKnownFileType = file.storyboard; name = Base; path = Base.lproj/LaunchScreen.storyboard; sourceTree = "<group>"; };
		115A309525811EAE00DDBAC5 /* Info.plist */ = {isa = PBXFileReference; lastKnownFileType = text.plist.xml; path = Info.plist; sourceTree = "<group>"; };
		11D500F4258826AC004D9471 /* LoginFormController.swift */ = {isa = PBXFileReference; lastKnownFileType = sourcecode.swift; path = LoginFormController.swift; sourceTree = "<group>"; };
		11DC14D52651837900F25DB6 /* GradientView.swift */ = {isa = PBXFileReference; lastKnownFileType = sourcecode.swift; path = GradientView.swift; sourceTree = "<group>"; };
		11DF79E3268D2C8C004202F6 /* MyCollectionView.swift */ = {isa = PBXFileReference; lastKnownFileType = sourcecode.swift; path = MyCollectionView.swift; sourceTree = "<group>"; };
		11EA1D0E265573880085F431 /* LikeControl.swift */ = {isa = PBXFileReference; lastKnownFileType = sourcecode.swift; path = LikeControl.swift; sourceTree = "<group>"; };
		11FA943725D6C74700EBD634 /* MainContentView.swift */ = {isa = PBXFileReference; lastKnownFileType = sourcecode.swift; path = MainContentView.swift; sourceTree = "<group>"; };
		11FA944225D8349100EBD634 /* FriendsTableViewController.swift */ = {isa = PBXFileReference; lastKnownFileType = sourcecode.swift; path = FriendsTableViewController.swift; sourceTree = "<group>"; };
		11FA944825E5424D00EBD634 /* GroupsTableViewController.swift */ = {isa = PBXFileReference; lastKnownFileType = sourcecode.swift; path = GroupsTableViewController.swift; sourceTree = "<group>"; };
		11FA944B25E549DD00EBD634 /* GlobalGroupsTableViewController.swift */ = {isa = PBXFileReference; lastKnownFileType = sourcecode.swift; path = GlobalGroupsTableViewController.swift; sourceTree = "<group>"; };
		11FA945B25E9BEF200EBD634 /* FriendsTableViewCell.swift */ = {isa = PBXFileReference; lastKnownFileType = sourcecode.swift; path = FriendsTableViewCell.swift; sourceTree = "<group>"; };
		11FA945C25E9BEF200EBD634 /* FriendsTableViewCell.xib */ = {isa = PBXFileReference; lastKnownFileType = file.xib; path = FriendsTableViewCell.xib; sourceTree = "<group>"; };
		11FA946125E9D49100EBD634 /* GroupsTableViewCell.swift */ = {isa = PBXFileReference; lastKnownFileType = sourcecode.swift; path = GroupsTableViewCell.swift; sourceTree = "<group>"; };
		11FA946225E9D49100EBD634 /* GroupsTableViewCell.xib */ = {isa = PBXFileReference; lastKnownFileType = file.xib; path = GroupsTableViewCell.xib; sourceTree = "<group>"; };
		11FA946825EA535200EBD634 /* PhotoFriendsCollectionViewCell.swift */ = {isa = PBXFileReference; lastKnownFileType = sourcecode.swift; path = PhotoFriendsCollectionViewCell.swift; sourceTree = "<group>"; };
		11FA946925EA535200EBD634 /* PhotoFriendsCollectionViewCell.xib */ = {isa = PBXFileReference; lastKnownFileType = file.xib; path = PhotoFriendsCollectionViewCell.xib; sourceTree = "<group>"; };
		11FA946D25EA555900EBD634 /* PhotoFriendsCollectionViewController.swift */ = {isa = PBXFileReference; lastKnownFileType = sourcecode.swift; path = PhotoFriendsCollectionViewController.swift; sourceTree = "<group>"; };
/* End PBXFileReference section */

/* Begin PBXFrameworksBuildPhase section */
		115A308125811EAC00DDBAC5 /* Frameworks */ = {
			isa = PBXFrameworksBuildPhase;
			buildActionMask = 2147483647;
			files = (
			);
			runOnlyForDeploymentPostprocessing = 0;
		};
/* End PBXFrameworksBuildPhase section */

/* Begin PBXGroup section */
		11137C7225F4429300BCE031 /* Model */ = {
			isa = PBXGroup;
			children = (
				11137C7325F442C900BCE031 /* AllGroups.swift */,
				11137C7D25FC37BE00BCE031 /* Users.swift */,
			);
			path = Model;
			sourceTree = "<group>";
		};
		115A307B25811EAC00DDBAC5 = {
			isa = PBXGroup;
			children = (
				115A308625811EAC00DDBAC5 /* VKClient */,
				115A308525811EAC00DDBAC5 /* Products */,
			);
			sourceTree = "<group>";
		};
		115A308525811EAC00DDBAC5 /* Products */ = {
			isa = PBXGroup;
			children = (
				115A308425811EAC00DDBAC5 /* VKClient.app */,
			);
			name = Products;
			sourceTree = "<group>";
		};
		115A308625811EAC00DDBAC5 /* VKClient */ = {
			isa = PBXGroup;
			children = (
				11137C7225F4429300BCE031 /* Model */,
				11FA946725EA52D000EBD634 /* PhotoFriends */,
				11FA946025E9D46E00EBD634 /* Groups */,
				11FA945A25E9BEA000EBD634 /* Friends */,
				115A308725811EAC00DDBAC5 /* AppDelegate.swift */,
				115A308D25811EAC00DDBAC5 /* Main.storyboard */,
				11DF79E3268D2C8C004202F6 /* MyCollectionView.swift */,
				11DC14D52651837900F25DB6 /* GradientView.swift */,
				11FA944B25E549DD00EBD634 /* GlobalGroupsTableViewController.swift */,
				11FA946D25EA555900EBD634 /* PhotoFriendsCollectionViewController.swift */,
				11FA944825E5424D00EBD634 /* GroupsTableViewController.swift */,
				11FA943725D6C74700EBD634 /* MainContentView.swift */,
				11D500F4258826AC004D9471 /* LoginFormController.swift */,
				11FA944225D8349100EBD634 /* FriendsTableViewController.swift */,
				11EA1D0E265573880085F431 /* LikeControl.swift */,
				115A309025811EAE00DDBAC5 /* Assets.xcassets */,
				115A309225811EAE00DDBAC5 /* LaunchScreen.storyboard */,
				115A309525811EAE00DDBAC5 /* Info.plist */,
			);
			path = VKClient;
			sourceTree = "<group>";
		};
		11FA945A25E9BEA000EBD634 /* Friends */ = {
			isa = PBXGroup;
			children = (
				11FA945B25E9BEF200EBD634 /* FriendsTableViewCell.swift */,
				11FA945C25E9BEF200EBD634 /* FriendsTableViewCell.xib */,
				114CAFE726C073CD003720B8 /* IconView.swift */,
			);
			name = Friends;
			sourceTree = "<group>";
		};
		11FA946025E9D46E00EBD634 /* Groups */ = {
			isa = PBXGroup;
			children = (
				11FA946125E9D49100EBD634 /* GroupsTableViewCell.swift */,
				11FA946225E9D49100EBD634 /* GroupsTableViewCell.xib */,
			);
			path = Groups;
			sourceTree = "<group>";
		};
		11FA946725EA52D000EBD634 /* PhotoFriends */ = {
			isa = PBXGroup;
			children = (
				11FA946825EA535200EBD634 /* PhotoFriendsCollectionViewCell.swift */,
				11FA946925EA535200EBD634 /* PhotoFriendsCollectionViewCell.xib */,
				11137C6D25F4380900BCE031 /* PhotoHeaderCollectionReusableView.swift */,
				11137C6E25F4380900BCE031 /* PhotoHeaderCollectionReusableView.xib */,
			);
			name = PhotoFriends;
			sourceTree = "<group>";
		};
/* End PBXGroup section */

/* Begin PBXNativeTarget section */
		115A308325811EAC00DDBAC5 /* VKClient */ = {
			isa = PBXNativeTarget;
			buildConfigurationList = 115A309825811EAE00DDBAC5 /* Build configuration list for PBXNativeTarget "VKClient" */;
			buildPhases = (
				115A308025811EAC00DDBAC5 /* Sources */,
				115A308125811EAC00DDBAC5 /* Frameworks */,
				115A308225811EAC00DDBAC5 /* Resources */,
			);
			buildRules = (
			);
			dependencies = (
			);
			name = VKClient;
			productName = VKClient;
			productReference = 115A308425811EAC00DDBAC5 /* VKClient.app */;
			productType = "com.apple.product-type.application";
		};
/* End PBXNativeTarget section */

/* Begin PBXProject section */
		115A307C25811EAC00DDBAC5 /* Project object */ = {
			isa = PBXProject;
			attributes = {
				LastSwiftUpdateCheck = 1220;
				LastUpgradeCheck = 1220;
				TargetAttributes = {
					115A308325811EAC00DDBAC5 = {
						CreatedOnToolsVersion = 12.2;
					};
				};
			};
			buildConfigurationList = 115A307F25811EAC00DDBAC5 /* Build configuration list for PBXProject "VKClient" */;
			compatibilityVersion = "Xcode 9.3";
			developmentRegion = en;
			hasScannedForEncodings = 0;
			knownRegions = (
				en,
				Base,
			);
			mainGroup = 115A307B25811EAC00DDBAC5;
			productRefGroup = 115A308525811EAC00DDBAC5 /* Products */;
			projectDirPath = "";
			projectRoot = "";
			targets = (
				115A308325811EAC00DDBAC5 /* VKClient */,
			);
		};
/* End PBXProject section */

/* Begin PBXResourcesBuildPhase section */
		115A308225811EAC00DDBAC5 /* Resources */ = {
			isa = PBXResourcesBuildPhase;
			buildActionMask = 2147483647;
			files = (
				115A309425811EAE00DDBAC5 /* LaunchScreen.storyboard in Resources */,
				11137C7025F4380900BCE031 /* PhotoHeaderCollectionReusableView.xib in Resources */,
				115A309125811EAE00DDBAC5 /* Assets.xcassets in Resources */,
				11FA946425E9D49100EBD634 /* GroupsTableViewCell.xib in Resources */,
				11FA946B25EA535200EBD634 /* PhotoFriendsCollectionViewCell.xib in Resources */,
				115A308F25811EAC00DDBAC5 /* Main.storyboard in Resources */,
				11FA945E25E9BEF300EBD634 /* FriendsTableViewCell.xib in Resources */,
			);
			runOnlyForDeploymentPostprocessing = 0;
		};
/* End PBXResourcesBuildPhase section */

/* Begin PBXSourcesBuildPhase section */
		115A308025811EAC00DDBAC5 /* Sources */ = {
			isa = PBXSourcesBuildPhase;
			buildActionMask = 2147483647;
			files = (
				11137C6F25F4380900BCE031 /* PhotoHeaderCollectionReusableView.swift in Sources */,
				115A308825811EAC00DDBAC5 /* AppDelegate.swift in Sources */,
				11FA946E25EA555900EBD634 /* PhotoFriendsCollectionViewController.swift in Sources */,
				11FA944925E5424D00EBD634 /* GroupsTableViewController.swift in Sources */,
				11DC14D62651837900F25DB6 /* GradientView.swift in Sources */,
				11137C7425F442C900BCE031 /* AllGroups.swift in Sources */,
				11FA944C25E549DD00EBD634 /* GlobalGroupsTableViewController.swift in Sources */,
				11EA1D0F265573880085F431 /* LikeControl.swift in Sources */,
				11FA945D25E9BEF300EBD634 /* FriendsTableViewCell.swift in Sources */,
				11D500F5258826AC004D9471 /* LoginFormController.swift in Sources */,
				11FA944325D8349100EBD634 /* FriendsTableViewController.swift in Sources */,
				11137C7E25FC37BE00BCE031 /* Users.swift in Sources */,
				114CAFE826C073CD003720B8 /* IconView.swift in Sources */,
				11FA946A25EA535200EBD634 /* PhotoFriendsCollectionViewCell.swift in Sources */,
				11FA943825D6C74700EBD634 /* MainContentView.swift in Sources */,
				11DF79E4268D2C8C004202F6 /* MyCollectionView.swift in Sources */,
				11FA946325E9D49100EBD634 /* GroupsTableViewCell.swift in Sources */,
			);
			runOnlyForDeploymentPostprocessing = 0;
		};
/* End PBXSourcesBuildPhase section */

/* Begin PBXVariantGroup section */
		115A308D25811EAC00DDBAC5 /* Main.storyboard */ = {
			isa = PBXVariantGroup;
			children = (
				115A308E25811EAC00DDBAC5 /* Base */,
			);
			name = Main.storyboard;
			sourceTree = "<group>";
		};
		115A309225811EAE00DDBAC5 /* LaunchScreen.storyboard */ = {
			isa = PBXVariantGroup;
			children = (
				115A309325811EAE00DDBAC5 /* Base */,
			);
			name = LaunchScreen.storyboard;
			sourceTree = "<group>";
		};
/* End PBXVariantGroup section */

/* Begin XCBuildConfiguration section */
		115A309625811EAE00DDBAC5 /* Debug */ = {
			isa = XCBuildConfiguration;
			buildSettings = {
				ALWAYS_SEARCH_USER_PATHS = NO;
				CLANG_ANALYZER_NONNULL = YES;
				CLANG_ANALYZER_NUMBER_OBJECT_CONVERSION = YES_AGGRESSIVE;
				CLANG_CXX_LANGUAGE_STANDARD = "gnu++14";
				CLANG_CXX_LIBRARY = "libc++";
				CLANG_ENABLE_MODULES = YES;
				CLANG_ENABLE_OBJC_ARC = YES;
				CLANG_ENABLE_OBJC_WEAK = YES;
				CLANG_WARN_BLOCK_CAPTURE_AUTORELEASING = YES;
				CLANG_WARN_BOOL_CONVERSION = YES;
				CLANG_WARN_COMMA = YES;
				CLANG_WARN_CONSTANT_CONVERSION = YES;
				CLANG_WARN_DEPRECATED_OBJC_IMPLEMENTATIONS = YES;
				CLANG_WARN_DIRECT_OBJC_ISA_USAGE = YES_ERROR;
				CLANG_WARN_DOCUMENTATION_COMMENTS = YES;
				CLANG_WARN_EMPTY_BODY = YES;
				CLANG_WARN_ENUM_CONVERSION = YES;
				CLANG_WARN_INFINITE_RECURSION = YES;
				CLANG_WARN_INT_CONVERSION = YES;
				CLANG_WARN_NON_LITERAL_NULL_CONVERSION = YES;
				CLANG_WARN_OBJC_IMPLICIT_RETAIN_SELF = YES;
				CLANG_WARN_OBJC_LITERAL_CONVERSION = YES;
				CLANG_WARN_OBJC_ROOT_CLASS = YES_ERROR;
				CLANG_WARN_QUOTED_INCLUDE_IN_FRAMEWORK_HEADER = YES;
				CLANG_WARN_RANGE_LOOP_ANALYSIS = YES;
				CLANG_WARN_STRICT_PROTOTYPES = YES;
				CLANG_WARN_SUSPICIOUS_MOVE = YES;
				CLANG_WARN_UNGUARDED_AVAILABILITY = YES_AGGRESSIVE;
				CLANG_WARN_UNREACHABLE_CODE = YES;
				CLANG_WARN__DUPLICATE_METHOD_MATCH = YES;
				COPY_PHASE_STRIP = NO;
				DEBUG_INFORMATION_FORMAT = dwarf;
				ENABLE_STRICT_OBJC_MSGSEND = YES;
				ENABLE_TESTABILITY = YES;
				GCC_C_LANGUAGE_STANDARD = gnu11;
				GCC_DYNAMIC_NO_PIC = NO;
				GCC_NO_COMMON_BLOCKS = YES;
				GCC_OPTIMIZATION_LEVEL = 0;
				GCC_PREPROCESSOR_DEFINITIONS = (
					"DEBUG=1",
					"$(inherited)",
				);
				GCC_WARN_64_TO_32_BIT_CONVERSION = YES;
				GCC_WARN_ABOUT_RETURN_TYPE = YES_ERROR;
				GCC_WARN_UNDECLARED_SELECTOR = YES;
				GCC_WARN_UNINITIALIZED_AUTOS = YES_AGGRESSIVE;
				GCC_WARN_UNUSED_FUNCTION = YES;
				GCC_WARN_UNUSED_VARIABLE = YES;
				IPHONEOS_DEPLOYMENT_TARGET = 14.2;
				MTL_ENABLE_DEBUG_INFO = INCLUDE_SOURCE;
				MTL_FAST_MATH = YES;
				ONLY_ACTIVE_ARCH = YES;
				SDKROOT = iphoneos;
				SWIFT_ACTIVE_COMPILATION_CONDITIONS = DEBUG;
				SWIFT_OPTIMIZATION_LEVEL = "-Onone";
			};
			name = Debug;
		};
		115A309725811EAE00DDBAC5 /* Release */ = {
			isa = XCBuildConfiguration;
			buildSettings = {
				ALWAYS_SEARCH_USER_PATHS = NO;
				CLANG_ANALYZER_NONNULL = YES;
				CLANG_ANALYZER_NUMBER_OBJECT_CONVERSION = YES_AGGRESSIVE;
				CLANG_CXX_LANGUAGE_STANDARD = "gnu++14";
				CLANG_CXX_LIBRARY = "libc++";
				CLANG_ENABLE_MODULES = YES;
				CLANG_ENABLE_OBJC_ARC = YES;
				CLANG_ENABLE_OBJC_WEAK = YES;
				CLANG_WARN_BLOCK_CAPTURE_AUTORELEASING = YES;
				CLANG_WARN_BOOL_CONVERSION = YES;
				CLANG_WARN_COMMA = YES;
				CLANG_WARN_CONSTANT_CONVERSION = YES;
				CLANG_WARN_DEPRECATED_OBJC_IMPLEMENTATIONS = YES;
				CLANG_WARN_DIRECT_OBJC_ISA_USAGE = YES_ERROR;
				CLANG_WARN_DOCUMENTATION_COMMENTS = YES;
				CLANG_WARN_EMPTY_BODY = YES;
				CLANG_WARN_ENUM_CONVERSION = YES;
				CLANG_WARN_INFINITE_RECURSION = YES;
				CLANG_WARN_INT_CONVERSION = YES;
				CLANG_WARN_NON_LITERAL_NULL_CONVERSION = YES;
				CLANG_WARN_OBJC_IMPLICIT_RETAIN_SELF = YES;
				CLANG_WARN_OBJC_LITERAL_CONVERSION = YES;
				CLANG_WARN_OBJC_ROOT_CLASS = YES_ERROR;
				CLANG_WARN_QUOTED_INCLUDE_IN_FRAMEWORK_HEADER = YES;
				CLANG_WARN_RANGE_LOOP_ANALYSIS = YES;
				CLANG_WARN_STRICT_PROTOTYPES = YES;
				CLANG_WARN_SUSPICIOUS_MOVE = YES;
				CLANG_WARN_UNGUARDED_AVAILABILITY = YES_AGGRESSIVE;
				CLANG_WARN_UNREACHABLE_CODE = YES;
				CLANG_WARN__DUPLICATE_METHOD_MATCH = YES;
				COPY_PHASE_STRIP = NO;
				DEBUG_INFORMATION_FORMAT = "dwarf-with-dsym";
				ENABLE_NS_ASSERTIONS = NO;
				ENABLE_STRICT_OBJC_MSGSEND = YES;
				GCC_C_LANGUAGE_STANDARD = gnu11;
				GCC_NO_COMMON_BLOCKS = YES;
				GCC_WARN_64_TO_32_BIT_CONVERSION = YES;
				GCC_WARN_ABOUT_RETURN_TYPE = YES_ERROR;
				GCC_WARN_UNDECLARED_SELECTOR = YES;
				GCC_WARN_UNINITIALIZED_AUTOS = YES_AGGRESSIVE;
				GCC_WARN_UNUSED_FUNCTION = YES;
				GCC_WARN_UNUSED_VARIABLE = YES;
				IPHONEOS_DEPLOYMENT_TARGET = 14.2;
				MTL_ENABLE_DEBUG_INFO = NO;
				MTL_FAST_MATH = YES;
				SDKROOT = iphoneos;
				SWIFT_COMPILATION_MODE = wholemodule;
				SWIFT_OPTIMIZATION_LEVEL = "-O";
				VALIDATE_PRODUCT = YES;
			};
			name = Release;
		};
		115A309925811EAE00DDBAC5 /* Debug */ = {
			isa = XCBuildConfiguration;
			buildSettings = {
				ASSETCATALOG_COMPILER_APPICON_NAME = AppIcon;
				ASSETCATALOG_COMPILER_GLOBAL_ACCENT_COLOR_NAME = AccentColor;
				CODE_SIGN_STYLE = Automatic;
				DEVELOPMENT_TEAM = WRR89UF5EG;
				INFOPLIST_FILE = VKClient/Info.plist;
				LD_RUNPATH_SEARCH_PATHS = (
					"$(inherited)",
					"@executable_path/Frameworks",
				);
				PRODUCT_BUNDLE_IDENTIFIER = org.nikitttter.VKClient;
				PRODUCT_NAME = "$(TARGET_NAME)";
				SWIFT_VERSION = 5.0;
				TARGETED_DEVICE_FAMILY = "1,2";
			};
			name = Debug;
		};
		115A309A25811EAE00DDBAC5 /* Release */ = {
			isa = XCBuildConfiguration;
			buildSettings = {
				ASSETCATALOG_COMPILER_APPICON_NAME = AppIcon;
				ASSETCATALOG_COMPILER_GLOBAL_ACCENT_COLOR_NAME = AccentColor;
				CODE_SIGN_STYLE = Automatic;
				DEVELOPMENT_TEAM = WRR89UF5EG;
				INFOPLIST_FILE = VKClient/Info.plist;
				LD_RUNPATH_SEARCH_PATHS = (
					"$(inherited)",
					"@executable_path/Frameworks",
				);
				PRODUCT_BUNDLE_IDENTIFIER = org.nikitttter.VKClient;
				PRODUCT_NAME = "$(TARGET_NAME)";
				SWIFT_VERSION = 5.0;
				TARGETED_DEVICE_FAMILY = "1,2";
			};
			name = Release;
		};
/* End XCBuildConfiguration section */

/* Begin XCConfigurationList section */
		115A307F25811EAC00DDBAC5 /* Build configuration list for PBXProject "VKClient" */ = {
			isa = XCConfigurationList;
			buildConfigurations = (
				115A309625811EAE00DDBAC5 /* Debug */,
				115A309725811EAE00DDBAC5 /* Release */,
			);
			defaultConfigurationIsVisible = 0;
			defaultConfigurationName = Release;
		};
		115A309825811EAE00DDBAC5 /* Build configuration list for PBXNativeTarget "VKClient" */ = {
			isa = XCConfigurationList;
			buildConfigurations = (
				115A309925811EAE00DDBAC5 /* Debug */,
				115A309A25811EAE00DDBAC5 /* Release */,
			);
			defaultConfigurationIsVisible = 0;
			defaultConfigurationName = Release;
		};
/* End XCConfigurationList section */
	};
	rootObject = 115A307C25811EAC00DDBAC5 /* Project object */;
}
